
Microsoft Visual Studio Solution File, Format Version 10.00
# Visual Studio 2008
Project("{FAE04EC0-301F-11D3-BF4B-00C04F79EFBC}") = "Rhino.DistributedHashTable", "Rhino.DistributedHashTable\Rhino.DistributedHashTable.csproj", "{4E8D44D2-505D-488C-B92C-51147748B104}"
EndProject
Project("{FAE04EC0-301F-11D3-BF4B-00C04F79EFBC}") = "Rhino.DistributedHashTable.Tests", "Rhino.DistributedHashTable.Tests\Rhino.DistributedHashTable.Tests.csproj", "{C44B2EA9-28FD-4F05-B43B-A45231EE0FDC}"
EndProject
Project("{FAE04EC0-301F-11D3-BF4B-00C04F79EFBC}") = "Rhino.DistributedHashTable.IntegrationTests", "Rhino.DistributedHashTable.IntegrationTests\Rhino.DistributedHashTable.IntegrationTests.csproj", "{9DE3DFC2-9F51-4339-9192-483C2B62CE01}"
EndProject
Project("{FAE04EC0-301F-11D3-BF4B-00C04F79EFBC}") = "Rhino.PersistentHashTable", "..\pht\Rhino.PersistentHashTable\Rhino.PersistentHashTable.csproj", "{F30B2D63-CED5-4C8A-908F-0B5503D984A9}"
EndProject
Project("{FAE04EC0-301F-11D3-BF4B-00C04F79EFBC}") = "Rhino.PersistentHashTable.Tests", "..\pht\Rhino.PersistentHashTable.Tests\Rhino.PersistentHashTable.Tests.csproj", "{3BC9E44C-6E3B-4E3C-B7E1-4850C3DB5251}"
EndProject
Project("{FAE04EC0-301F-11D3-BF4B-00C04F79EFBC}") = "Rhino.Queues", "..\queues\Rhino.Queues\Rhino.Queues.csproj", "{398BF580-41F5-418E-A017-19D19B289A97}"
EndProject
Project("{FAE04EC0-301F-11D3-BF4B-00C04F79EFBC}") = "Rhino.Queues.Tests", "..\queues\Rhino.Queues.Tests\Rhino.Queues.Tests.csproj", "{98D394CA-9FEF-49AD-8DAB-FE039152E001}"
EndProject
Global
	GlobalSection(SolutionConfigurationPlatforms) = preSolution
		Debug|Any CPU = Debug|Any CPU
		Release|Any CPU = Release|Any CPU
	EndGlobalSection
	GlobalSection(ProjectConfigurationPlatforms) = postSolution
		{4E8D44D2-505D-488C-B92C-51147748B104}.Debug|Any CPU.ActiveCfg = Debug|Any CPU
		{4E8D44D2-505D-488C-B92C-51147748B104}.Debug|Any CPU.Build.0 = Debug|Any CPU
		{4E8D44D2-505D-488C-B92C-51147748B104}.Release|Any CPU.ActiveCfg = Release|Any CPU
		{4E8D44D2-505D-488C-B92C-51147748B104}.Release|Any CPU.Build.0 = Release|Any CPU
		{C44B2EA9-28FD-4F05-B43B-A45231EE0FDC}.Debug|Any CPU.ActiveCfg = Debug|Any CPU
		{C44B2EA9-28FD-4F05-B43B-A45231EE0FDC}.Debug|Any CPU.Build.0 = Debug|Any CPU
		{C44B2EA9-28FD-4F05-B43B-A45231EE0FDC}.Release|Any CPU.ActiveCfg = Release|Any CPU
		{C44B2EA9-28FD-4F05-B43B-A45231EE0FDC}.Release|Any CPU.Build.0 = Release|Any CPU
		{9DE3DFC2-9F51-4339-9192-483C2B62CE01}.Debug|Any CPU.ActiveCfg = Debug|Any CPU
		{9DE3DFC2-9F51-4339-9192-483C2B62CE01}.Debug|Any CPU.Build.0 = Debug|Any CPU
		{9DE3DFC2-9F51-4339-9192-483C2B62CE01}.Release|Any CPU.ActiveCfg = Release|Any CPU
		{9DE3DFC2-9F51-4339-9192-483C2B62CE01}.Release|Any CPU.Build.0 = Release|Any CPU
		{F30B2D63-CED5-4C8A-908F-0B5503D984A9}.Debug|Any CPU.ActiveCfg = Debug|Any CPU
		{F30B2D63-CED5-4C8A-908F-0B5503D984A9}.Debug|Any CPU.Build.0 = Debug|Any CPU
		{F30B2D63-CED5-4C8A-908F-0B5503D984A9}.Release|Any CPU.ActiveCfg = Release|Any CPU
		{F30B2D63-CED5-4C8A-908F-0B5503D984A9}.Release|Any CPU.Build.0 = Release|Any CPU
		{3BC9E44C-6E3B-4E3C-B7E1-4850C3DB5251}.Debug|Any CPU.ActiveCfg = Debug|Any CPU
		{3BC9E44C-6E3B-4E3C-B7E1-4850C3DB5251}.Debug|Any CPU.Build.0 = Debug|Any CPU
		{3BC9E44C-6E3B-4E3C-B7E1-4850C3DB5251}.Release|Any CPU.ActiveCfg = Release|Any CPU
		{3BC9E44C-6E3B-4E3C-B7E1-4850C3DB5251}.Release|Any CPU.Build.0 = Release|Any CPU
		{398BF580-41F5-418E-A017-19D19B289A97}.Debug|Any CPU.ActiveCfg = Debug|Any CPU
		{398BF580-41F5-418E-A017-19D19B289A97}.Debug|Any CPU.Build.0 = Debug|Any CPU
		{398BF580-41F5-418E-A017-19D19B289A97}.Release|Any CPU.ActiveCfg = Release|Any CPU
		{398BF580-41F5-418E-A017-19D19B289A97}.Release|Any CPU.Build.0 = Release|Any CPU
		{98D394CA-9FEF-49AD-8DAB-FE039152E001}.Debug|Any CPU.ActiveCfg = Debug|Any CPU
		{98D394CA-9FEF-49AD-8DAB-FE039152E001}.Debug|Any CPU.Build.0 = Debug|Any CPU
		{98D394CA-9FEF-49AD-8DAB-FE039152E001}.Release|Any CPU.ActiveCfg = Release|Any CPU
		{98D394CA-9FEF-49AD-8DAB-FE039152E001}.Release|Any CPU.Build.0 = Release|Any CPU
	EndGlobalSection
	GlobalSection(SolutionProperties) = preSolution
		HideSolutionNode = FALSE
	EndGlobalSection
EndGlobal
