
Microsoft Visual Studio Solution File, Format Version 10.00
# Visual Studio 2008
Project("{FAE04EC0-301F-11D3-BF4B-00C04F79EFBC}") = "Rhino.DistributedHashTable", "Rhino.DistributedHashTable\Rhino.DistributedHashTable.csproj", "{4E8D44D2-505D-488C-B92C-51147748B104}"
EndProject
Project("{FAE04EC0-301F-11D3-BF4B-00C04F79EFBC}") = "Rhino.DistributedHashTable.Tests", "Rhino.DistributedHashTable.Tests\Rhino.DistributedHashTable.Tests.csproj", "{C44B2EA9-28FD-4F05-B43B-A45231EE0FDC}"
EndProject
Project("{FAE04EC0-301F-11D3-BF4B-00C04F79EFBC}") = "Rhino.DistributedHashTable.IntegrationTests", "Rhino.DistributedHashTable.IntegrationTests\Rhino.DistributedHashTable.IntegrationTests.csproj", "{9DE3DFC2-9F51-4339-9192-483C2B62CE01}"
EndProject
Project("{FAE04EC0-301F-11D3-BF4B-00C04F79EFBC}") = "Rhino.DistributedHashTable.ClusterTests", "Rhino.DistributedHashTable.ClusterTests\Rhino.DistributedHashTable.ClusterTests.csproj", "{D9377684-AC14-47F6-A3E8-E84AD0FC2BAA}"
EndProject
Project("{FAE04EC0-301F-11D3-BF4B-00C04F79EFBC}") = "Rhino.DistributedHashTable.Client", "Rhino.DistributedHashTable.Client\Rhino.DistributedHashTable.Client.csproj", "{D910183F-1578-43AE-BCD2-F5A9E19079FC}"
EndProject
Global
	GlobalSection(SolutionConfigurationPlatforms) = preSolution
		Debug|Any CPU = Debug|Any CPU
		Release|Any CPU = Release|Any CPU
	EndGlobalSection
	GlobalSection(ProjectConfigurationPlatforms) = postSolution
		{4E8D44D2-505D-488C-B92C-51147748B104}.Debug|Any CPU.ActiveCfg = Debug|Any CPU
		{4E8D44D2-505D-488C-B92C-51147748B104}.Debug|Any CPU.Build.0 = Debug|Any CPU
		{4E8D44D2-505D-488C-B92C-51147748B104}.Release|Any CPU.ActiveCfg = Release|Any CPU
		{4E8D44D2-505D-488C-B92C-51147748B104}.Release|Any CPU.Build.0 = Release|Any CPU
		{C44B2EA9-28FD-4F05-B43B-A45231EE0FDC}.Debug|Any CPU.ActiveCfg = Debug|Any CPU
		{C44B2EA9-28FD-4F05-B43B-A45231EE0FDC}.Debug|Any CPU.Build.0 = Debug|Any CPU
		{C44B2EA9-28FD-4F05-B43B-A45231EE0FDC}.Release|Any CPU.ActiveCfg = Release|Any CPU
		{C44B2EA9-28FD-4F05-B43B-A45231EE0FDC}.Release|Any CPU.Build.0 = Release|Any CPU
		{9DE3DFC2-9F51-4339-9192-483C2B62CE01}.Debug|Any CPU.ActiveCfg = Debug|Any CPU
		{9DE3DFC2-9F51-4339-9192-483C2B62CE01}.Debug|Any CPU.Build.0 = Debug|Any CPU
		{9DE3DFC2-9F51-4339-9192-483C2B62CE01}.Release|Any CPU.ActiveCfg = Release|Any CPU
		{9DE3DFC2-9F51-4339-9192-483C2B62CE01}.Release|Any CPU.Build.0 = Release|Any CPU
		{D9377684-AC14-47F6-A3E8-E84AD0FC2BAA}.Debug|Any CPU.ActiveCfg = Debug|Any CPU
		{D9377684-AC14-47F6-A3E8-E84AD0FC2BAA}.Debug|Any CPU.Build.0 = Debug|Any CPU
		{D9377684-AC14-47F6-A3E8-E84AD0FC2BAA}.Release|Any CPU.ActiveCfg = Release|Any CPU
		{D9377684-AC14-47F6-A3E8-E84AD0FC2BAA}.Release|Any CPU.Build.0 = Release|Any CPU
		{D910183F-1578-43AE-BCD2-F5A9E19079FC}.Debug|Any CPU.ActiveCfg = Debug|Any CPU
		{D910183F-1578-43AE-BCD2-F5A9E19079FC}.Debug|Any CPU.Build.0 = Debug|Any CPU
		{D910183F-1578-43AE-BCD2-F5A9E19079FC}.Release|Any CPU.ActiveCfg = Release|Any CPU
		{D910183F-1578-43AE-BCD2-F5A9E19079FC}.Release|Any CPU.Build.0 = Release|Any CPU
	EndGlobalSection
	GlobalSection(SolutionProperties) = preSolution
		HideSolutionNode = FALSE
	EndGlobalSection
EndGlobal
